
Microsoft Visual Studio Solution File, Format Version 12.00
# Visual Studio Version 17
VisualStudioVersion = 17.0.31903.59
MinimumVisualStudioVersion = 10.0.40219.1
Project("{FAE04EC0-301F-11D3-BF4B-00C04F79EFBC}") = "ConsoleAppMasdika1", "ConsoleAppMasdika1\ConsoleAppMasdika1.csproj", "{CA8DEE37-8D69-48DB-A8F4-5AB74F9741ED}"
EndProject
Project("{FAE04EC0-301F-11D3-BF4B-00C04F79EFBC}") = "LogicExercise1", "LogicExercise1\LogicExercise1.csproj", "{1B635231-6534-4136-8B02-B70806E7C4E9}"
EndProject
Project("{FAE04EC0-301F-11D3-BF4B-00C04F79EFBC}") = "ConsoleAppOOP", "ConsoleAppOOP\ConsoleAppOOP.csproj", "{78B40EDB-F665-4E4C-A22E-1892EC163AA5}"
EndProject
Project("{FAE04EC0-301F-11D3-BF4B-00C04F79EFBC}") = "ObjectType", "ObjectType\ObjectType.csproj", "{287A40A8-C67E-4AEB-8D60-61992B5C1904}"
EndProject
Project("{FAE04EC0-301F-11D3-BF4B-00C04F79EFBC}") = "Struct", "Struct\Struct.csproj", "{637024B1-395F-4137-A680-850B80D78A1E}"
EndProject
Project("{FAE04EC0-301F-11D3-BF4B-00C04F79EFBC}") = "AccessModifier", "AccessModifier\AccessModifier.csproj", "{FA70A239-5557-443A-9B01-A3EA8244C539}"
EndProject
Project("{FAE04EC0-301F-11D3-BF4B-00C04F79EFBC}") = "Interface", "Interface\Interface.csproj", "{FEC6DFC1-9C45-4566-9F4F-A192F3E98512}"
EndProject
Project("{FAE04EC0-301F-11D3-BF4B-00C04F79EFBC}") = "Generic", "Generic\Generic.csproj", "{97A9CAC4-D8E4-4E6F-B0C2-BB5B34BE974D}"
EndProject
Project("{2150E333-8FDC-42A3-9474-1A3956D46DE8}") = "AdvanceC#", "AdvanceC#", "{095789BD-A0A9-452A-B84A-DDEE46B14B95}"
EndProject
Project("{FAE04EC0-301F-11D3-BF4B-00C04F79EFBC}") = "Delegate", "AdvanceC#\Delegate\Delegate.csproj", "{C9756E13-ADFD-4C14-85EC-8001A79D7007}"
EndProject
Project("{FAE04EC0-301F-11D3-BF4B-00C04F79EFBC}") = "EventHandler", "AdvanceC#\EventHandler\EventHandler.csproj", "{F30D9949-2601-4CE0-B110-B388F0B55FD1}"
EndProject
Global
	GlobalSection(SolutionConfigurationPlatforms) = preSolution
		Debug|Any CPU = Debug|Any CPU
		Debug|x64 = Debug|x64
		Debug|x86 = Debug|x86
		Release|Any CPU = Release|Any CPU
		Release|x64 = Release|x64
		Release|x86 = Release|x86
	EndGlobalSection
	GlobalSection(ProjectConfigurationPlatforms) = postSolution
		{CA8DEE37-8D69-48DB-A8F4-5AB74F9741ED}.Debug|Any CPU.ActiveCfg = Debug|Any CPU
		{CA8DEE37-8D69-48DB-A8F4-5AB74F9741ED}.Debug|Any CPU.Build.0 = Debug|Any CPU
		{CA8DEE37-8D69-48DB-A8F4-5AB74F9741ED}.Debug|x64.ActiveCfg = Debug|Any CPU
		{CA8DEE37-8D69-48DB-A8F4-5AB74F9741ED}.Debug|x64.Build.0 = Debug|Any CPU
		{CA8DEE37-8D69-48DB-A8F4-5AB74F9741ED}.Debug|x86.ActiveCfg = Debug|Any CPU
		{CA8DEE37-8D69-48DB-A8F4-5AB74F9741ED}.Debug|x86.Build.0 = Debug|Any CPU
		{CA8DEE37-8D69-48DB-A8F4-5AB74F9741ED}.Release|Any CPU.ActiveCfg = Release|Any CPU
		{CA8DEE37-8D69-48DB-A8F4-5AB74F9741ED}.Release|Any CPU.Build.0 = Release|Any CPU
		{CA8DEE37-8D69-48DB-A8F4-5AB74F9741ED}.Release|x64.ActiveCfg = Release|Any CPU
		{CA8DEE37-8D69-48DB-A8F4-5AB74F9741ED}.Release|x64.Build.0 = Release|Any CPU
		{CA8DEE37-8D69-48DB-A8F4-5AB74F9741ED}.Release|x86.ActiveCfg = Release|Any CPU
		{CA8DEE37-8D69-48DB-A8F4-5AB74F9741ED}.Release|x86.Build.0 = Release|Any CPU
		{1B635231-6534-4136-8B02-B70806E7C4E9}.Debug|Any CPU.ActiveCfg = Debug|Any CPU
		{1B635231-6534-4136-8B02-B70806E7C4E9}.Debug|Any CPU.Build.0 = Debug|Any CPU
		{1B635231-6534-4136-8B02-B70806E7C4E9}.Debug|x64.ActiveCfg = Debug|Any CPU
		{1B635231-6534-4136-8B02-B70806E7C4E9}.Debug|x64.Build.0 = Debug|Any CPU
		{1B635231-6534-4136-8B02-B70806E7C4E9}.Debug|x86.ActiveCfg = Debug|Any CPU
		{1B635231-6534-4136-8B02-B70806E7C4E9}.Debug|x86.Build.0 = Debug|Any CPU
		{1B635231-6534-4136-8B02-B70806E7C4E9}.Release|Any CPU.ActiveCfg = Release|Any CPU
		{1B635231-6534-4136-8B02-B70806E7C4E9}.Release|Any CPU.Build.0 = Release|Any CPU
		{1B635231-6534-4136-8B02-B70806E7C4E9}.Release|x64.ActiveCfg = Release|Any CPU
		{1B635231-6534-4136-8B02-B70806E7C4E9}.Release|x64.Build.0 = Release|Any CPU
		{1B635231-6534-4136-8B02-B70806E7C4E9}.Release|x86.ActiveCfg = Release|Any CPU
		{1B635231-6534-4136-8B02-B70806E7C4E9}.Release|x86.Build.0 = Release|Any CPU
		{78B40EDB-F665-4E4C-A22E-1892EC163AA5}.Debug|Any CPU.ActiveCfg = Debug|Any CPU
		{78B40EDB-F665-4E4C-A22E-1892EC163AA5}.Debug|Any CPU.Build.0 = Debug|Any CPU
		{78B40EDB-F665-4E4C-A22E-1892EC163AA5}.Debug|x64.ActiveCfg = Debug|Any CPU
		{78B40EDB-F665-4E4C-A22E-1892EC163AA5}.Debug|x64.Build.0 = Debug|Any CPU
		{78B40EDB-F665-4E4C-A22E-1892EC163AA5}.Debug|x86.ActiveCfg = Debug|Any CPU
		{78B40EDB-F665-4E4C-A22E-1892EC163AA5}.Debug|x86.Build.0 = Debug|Any CPU
		{78B40EDB-F665-4E4C-A22E-1892EC163AA5}.Release|Any CPU.ActiveCfg = Release|Any CPU
		{78B40EDB-F665-4E4C-A22E-1892EC163AA5}.Release|Any CPU.Build.0 = Release|Any CPU
		{78B40EDB-F665-4E4C-A22E-1892EC163AA5}.Release|x64.ActiveCfg = Release|Any CPU
		{78B40EDB-F665-4E4C-A22E-1892EC163AA5}.Release|x64.Build.0 = Release|Any CPU
		{78B40EDB-F665-4E4C-A22E-1892EC163AA5}.Release|x86.ActiveCfg = Release|Any CPU
		{78B40EDB-F665-4E4C-A22E-1892EC163AA5}.Release|x86.Build.0 = Release|Any CPU
		{287A40A8-C67E-4AEB-8D60-61992B5C1904}.Debug|Any CPU.ActiveCfg = Debug|Any CPU
		{287A40A8-C67E-4AEB-8D60-61992B5C1904}.Debug|Any CPU.Build.0 = Debug|Any CPU
		{287A40A8-C67E-4AEB-8D60-61992B5C1904}.Debug|x64.ActiveCfg = Debug|Any CPU
		{287A40A8-C67E-4AEB-8D60-61992B5C1904}.Debug|x64.Build.0 = Debug|Any CPU
		{287A40A8-C67E-4AEB-8D60-61992B5C1904}.Debug|x86.ActiveCfg = Debug|Any CPU
		{287A40A8-C67E-4AEB-8D60-61992B5C1904}.Debug|x86.Build.0 = Debug|Any CPU
		{287A40A8-C67E-4AEB-8D60-61992B5C1904}.Release|Any CPU.ActiveCfg = Release|Any CPU
		{287A40A8-C67E-4AEB-8D60-61992B5C1904}.Release|Any CPU.Build.0 = Release|Any CPU
		{287A40A8-C67E-4AEB-8D60-61992B5C1904}.Release|x64.ActiveCfg = Release|Any CPU
		{287A40A8-C67E-4AEB-8D60-61992B5C1904}.Release|x64.Build.0 = Release|Any CPU
		{287A40A8-C67E-4AEB-8D60-61992B5C1904}.Release|x86.ActiveCfg = Release|Any CPU
		{287A40A8-C67E-4AEB-8D60-61992B5C1904}.Release|x86.Build.0 = Release|Any CPU
		{637024B1-395F-4137-A680-850B80D78A1E}.Debug|Any CPU.ActiveCfg = Debug|Any CPU
		{637024B1-395F-4137-A680-850B80D78A1E}.Debug|Any CPU.Build.0 = Debug|Any CPU
		{637024B1-395F-4137-A680-850B80D78A1E}.Debug|x64.ActiveCfg = Debug|Any CPU
		{637024B1-395F-4137-A680-850B80D78A1E}.Debug|x64.Build.0 = Debug|Any CPU
		{637024B1-395F-4137-A680-850B80D78A1E}.Debug|x86.ActiveCfg = Debug|Any CPU
		{637024B1-395F-4137-A680-850B80D78A1E}.Debug|x86.Build.0 = Debug|Any CPU
		{637024B1-395F-4137-A680-850B80D78A1E}.Release|Any CPU.ActiveCfg = Release|Any CPU
		{637024B1-395F-4137-A680-850B80D78A1E}.Release|Any CPU.Build.0 = Release|Any CPU
		{637024B1-395F-4137-A680-850B80D78A1E}.Release|x64.ActiveCfg = Release|Any CPU
		{637024B1-395F-4137-A680-850B80D78A1E}.Release|x64.Build.0 = Release|Any CPU
		{637024B1-395F-4137-A680-850B80D78A1E}.Release|x86.ActiveCfg = Release|Any CPU
		{637024B1-395F-4137-A680-850B80D78A1E}.Release|x86.Build.0 = Release|Any CPU
		{FA70A239-5557-443A-9B01-A3EA8244C539}.Debug|Any CPU.ActiveCfg = Debug|Any CPU
		{FA70A239-5557-443A-9B01-A3EA8244C539}.Debug|Any CPU.Build.0 = Debug|Any CPU
		{FA70A239-5557-443A-9B01-A3EA8244C539}.Debug|x64.ActiveCfg = Debug|Any CPU
		{FA70A239-5557-443A-9B01-A3EA8244C539}.Debug|x64.Build.0 = Debug|Any CPU
		{FA70A239-5557-443A-9B01-A3EA8244C539}.Debug|x86.ActiveCfg = Debug|Any CPU
		{FA70A239-5557-443A-9B01-A3EA8244C539}.Debug|x86.Build.0 = Debug|Any CPU
		{FA70A239-5557-443A-9B01-A3EA8244C539}.Release|Any CPU.ActiveCfg = Release|Any CPU
		{FA70A239-5557-443A-9B01-A3EA8244C539}.Release|Any CPU.Build.0 = Release|Any CPU
		{FA70A239-5557-443A-9B01-A3EA8244C539}.Release|x64.ActiveCfg = Release|Any CPU
		{FA70A239-5557-443A-9B01-A3EA8244C539}.Release|x64.Build.0 = Release|Any CPU
		{FA70A239-5557-443A-9B01-A3EA8244C539}.Release|x86.ActiveCfg = Release|Any CPU
		{FA70A239-5557-443A-9B01-A3EA8244C539}.Release|x86.Build.0 = Release|Any CPU
		{FEC6DFC1-9C45-4566-9F4F-A192F3E98512}.Debug|Any CPU.ActiveCfg = Debug|Any CPU
		{FEC6DFC1-9C45-4566-9F4F-A192F3E98512}.Debug|Any CPU.Build.0 = Debug|Any CPU
		{FEC6DFC1-9C45-4566-9F4F-A192F3E98512}.Debug|x64.ActiveCfg = Debug|Any CPU
		{FEC6DFC1-9C45-4566-9F4F-A192F3E98512}.Debug|x64.Build.0 = Debug|Any CPU
		{FEC6DFC1-9C45-4566-9F4F-A192F3E98512}.Debug|x86.ActiveCfg = Debug|Any CPU
		{FEC6DFC1-9C45-4566-9F4F-A192F3E98512}.Debug|x86.Build.0 = Debug|Any CPU
		{FEC6DFC1-9C45-4566-9F4F-A192F3E98512}.Release|Any CPU.ActiveCfg = Release|Any CPU
		{FEC6DFC1-9C45-4566-9F4F-A192F3E98512}.Release|Any CPU.Build.0 = Release|Any CPU
		{FEC6DFC1-9C45-4566-9F4F-A192F3E98512}.Release|x64.ActiveCfg = Release|Any CPU
		{FEC6DFC1-9C45-4566-9F4F-A192F3E98512}.Release|x64.Build.0 = Release|Any CPU
		{FEC6DFC1-9C45-4566-9F4F-A192F3E98512}.Release|x86.ActiveCfg = Release|Any CPU
		{FEC6DFC1-9C45-4566-9F4F-A192F3E98512}.Release|x86.Build.0 = Release|Any CPU
		{97A9CAC4-D8E4-4E6F-B0C2-BB5B34BE974D}.Debug|Any CPU.ActiveCfg = Debug|Any CPU
		{97A9CAC4-D8E4-4E6F-B0C2-BB5B34BE974D}.Debug|Any CPU.Build.0 = Debug|Any CPU
		{97A9CAC4-D8E4-4E6F-B0C2-BB5B34BE974D}.Debug|x64.ActiveCfg = Debug|Any CPU
		{97A9CAC4-D8E4-4E6F-B0C2-BB5B34BE974D}.Debug|x64.Build.0 = Debug|Any CPU
		{97A9CAC4-D8E4-4E6F-B0C2-BB5B34BE974D}.Debug|x86.ActiveCfg = Debug|Any CPU
		{97A9CAC4-D8E4-4E6F-B0C2-BB5B34BE974D}.Debug|x86.Build.0 = Debug|Any CPU
		{97A9CAC4-D8E4-4E6F-B0C2-BB5B34BE974D}.Release|Any CPU.ActiveCfg = Release|Any CPU
		{97A9CAC4-D8E4-4E6F-B0C2-BB5B34BE974D}.Release|Any CPU.Build.0 = Release|Any CPU
		{97A9CAC4-D8E4-4E6F-B0C2-BB5B34BE974D}.Release|x64.ActiveCfg = Release|Any CPU
		{97A9CAC4-D8E4-4E6F-B0C2-BB5B34BE974D}.Release|x64.Build.0 = Release|Any CPU
		{97A9CAC4-D8E4-4E6F-B0C2-BB5B34BE974D}.Release|x86.ActiveCfg = Release|Any CPU
		{97A9CAC4-D8E4-4E6F-B0C2-BB5B34BE974D}.Release|x86.Build.0 = Release|Any CPU
		{C9756E13-ADFD-4C14-85EC-8001A79D7007}.Debug|Any CPU.ActiveCfg = Debug|Any CPU
		{C9756E13-ADFD-4C14-85EC-8001A79D7007}.Debug|Any CPU.Build.0 = Debug|Any CPU
		{C9756E13-ADFD-4C14-85EC-8001A79D7007}.Debug|x64.ActiveCfg = Debug|Any CPU
		{C9756E13-ADFD-4C14-85EC-8001A79D7007}.Debug|x64.Build.0 = Debug|Any CPU
		{C9756E13-ADFD-4C14-85EC-8001A79D7007}.Debug|x86.ActiveCfg = Debug|Any CPU
		{C9756E13-ADFD-4C14-85EC-8001A79D7007}.Debug|x86.Build.0 = Debug|Any CPU
		{C9756E13-ADFD-4C14-85EC-8001A79D7007}.Release|Any CPU.ActiveCfg = Release|Any CPU
		{C9756E13-ADFD-4C14-85EC-8001A79D7007}.Release|Any CPU.Build.0 = Release|Any CPU
		{C9756E13-ADFD-4C14-85EC-8001A79D7007}.Release|x64.ActiveCfg = Release|Any CPU
		{C9756E13-ADFD-4C14-85EC-8001A79D7007}.Release|x64.Build.0 = Release|Any CPU
		{C9756E13-ADFD-4C14-85EC-8001A79D7007}.Release|x86.ActiveCfg = Release|Any CPU
		{C9756E13-ADFD-4C14-85EC-8001A79D7007}.Release|x86.Build.0 = Release|Any CPU
		{F30D9949-2601-4CE0-B110-B388F0B55FD1}.Debug|Any CPU.ActiveCfg = Debug|Any CPU
		{F30D9949-2601-4CE0-B110-B388F0B55FD1}.Debug|Any CPU.Build.0 = Debug|Any CPU
		{F30D9949-2601-4CE0-B110-B388F0B55FD1}.Debug|x64.ActiveCfg = Debug|Any CPU
		{F30D9949-2601-4CE0-B110-B388F0B55FD1}.Debug|x64.Build.0 = Debug|Any CPU
		{F30D9949-2601-4CE0-B110-B388F0B55FD1}.Debug|x86.ActiveCfg = Debug|Any CPU
		{F30D9949-2601-4CE0-B110-B388F0B55FD1}.Debug|x86.Build.0 = Debug|Any CPU
		{F30D9949-2601-4CE0-B110-B388F0B55FD1}.Release|Any CPU.ActiveCfg = Release|Any CPU
		{F30D9949-2601-4CE0-B110-B388F0B55FD1}.Release|Any CPU.Build.0 = Release|Any CPU
		{F30D9949-2601-4CE0-B110-B388F0B55FD1}.Release|x64.ActiveCfg = Release|Any CPU
		{F30D9949-2601-4CE0-B110-B388F0B55FD1}.Release|x64.Build.0 = Release|Any CPU
		{F30D9949-2601-4CE0-B110-B388F0B55FD1}.Release|x86.ActiveCfg = Release|Any CPU
		{F30D9949-2601-4CE0-B110-B388F0B55FD1}.Release|x86.Build.0 = Release|Any CPU
	EndGlobalSection
	GlobalSection(SolutionProperties) = preSolution
		HideSolutionNode = FALSE
	EndGlobalSection
	GlobalSection(NestedProjects) = preSolution
		{C9756E13-ADFD-4C14-85EC-8001A79D7007} = {095789BD-A0A9-452A-B84A-DDEE46B14B95}
		{F30D9949-2601-4CE0-B110-B388F0B55FD1} = {095789BD-A0A9-452A-B84A-DDEE46B14B95}
	EndGlobalSection
EndGlobal
