
Microsoft Visual Studio Solution File, Format Version 12.00
# Visual Studio Version 17
VisualStudioVersion = 17.0.31903.59
MinimumVisualStudioVersion = 10.0.40219.1
Project("{FAE04EC0-301F-11D3-BF4B-00C04F79EFBC}") = "ConsoleAppMasdika1", "ConsoleAppMasdika1\ConsoleAppMasdika1.csproj", "{CA8DEE37-8D69-48DB-A8F4-5AB74F9741ED}"
EndProject
Project("{FAE04EC0-301F-11D3-BF4B-00C04F79EFBC}") = "LogicExercise1", "LogicExercise1\LogicExercise1.csproj", "{1B635231-6534-4136-8B02-B70806E7C4E9}"
EndProject
Project("{FAE04EC0-301F-11D3-BF4B-00C04F79EFBC}") = "ConsoleAppOOP", "ConsoleAppOOP\ConsoleAppOOP.csproj", "{78B40EDB-F665-4E4C-A22E-1892EC163AA5}"
EndProject
Project("{FAE04EC0-301F-11D3-BF4B-00C04F79EFBC}") = "ObjectType", "ObjectType\ObjectType.csproj", "{287A40A8-C67E-4AEB-8D60-61992B5C1904}"
EndProject
Project("{FAE04EC0-301F-11D3-BF4B-00C04F79EFBC}") = "Struct", "Struct\Struct.csproj", "{637024B1-395F-4137-A680-850B80D78A1E}"
EndProject
Project("{FAE04EC0-301F-11D3-BF4B-00C04F79EFBC}") = "AccessModifier", "AccessModifier\AccessModifier.csproj", "{FA70A239-5557-443A-9B01-A3EA8244C539}"
EndProject
Project("{FAE04EC0-301F-11D3-BF4B-00C04F79EFBC}") = "Interface", "Interface\Interface.csproj", "{FEC6DFC1-9C45-4566-9F4F-A192F3E98512}"
EndProject
Project("{FAE04EC0-301F-11D3-BF4B-00C04F79EFBC}") = "Generic", "Generic\Generic.csproj", "{97A9CAC4-D8E4-4E6F-B0C2-BB5B34BE974D}"
EndProject
Project("{2150E333-8FDC-42A3-9474-1A3956D46DE8}") = "AdvanceC#", "AdvanceC#", "{095789BD-A0A9-452A-B84A-DDEE46B14B95}"
EndProject
Project("{FAE04EC0-301F-11D3-BF4B-00C04F79EFBC}") = "Delegate", "AdvanceC#\Delegate\Delegate.csproj", "{C9756E13-ADFD-4C14-85EC-8001A79D7007}"
EndProject
Project("{FAE04EC0-301F-11D3-BF4B-00C04F79EFBC}") = "EventHandler", "AdvanceC#\EventHandler\EventHandler.csproj", "{F30D9949-2601-4CE0-B110-B388F0B55FD1}"
EndProject
Project("{FAE04EC0-301F-11D3-BF4B-00C04F79EFBC}") = "TryStatementAndException", "AdvanceC#\TryStatementAndException\TryStatementAndException.csproj", "{37A3C8AA-9A6A-4FF7-B424-9972CB165973}"
EndProject
Project("{FAE04EC0-301F-11D3-BF4B-00C04F79EFBC}") = "LogicExercise2", "LogicExercise2\LogicExercise2.csproj", "{CDBF8B38-E07B-4301-B587-9AE1240E6041}"
EndProject
Project("{2150E333-8FDC-42A3-9474-1A3956D46DE8}") = "Ludo", "Ludo", "{C8AAAE2B-5286-4FE0-8268-906BB06A41E9}"
EndProject
Project("{FAE04EC0-301F-11D3-BF4B-00C04F79EFBC}") = "LudoGame", "Ludo\LudoGame\LudoGame.csproj", "{9BD51537-DBCC-42C0-A8D4-57FFAEADE1F4}"
EndProject
Project("{FAE04EC0-301F-11D3-BF4B-00C04F79EFBC}") = "LogicExercise3", "LogicExercise3\LogicExercise3.csproj", "{0E0A909E-AE00-4DAF-80F2-595FC33074D1}"
EndProject
Project("{FAE04EC0-301F-11D3-BF4B-00C04F79EFBC}") = "Checkers", "Checkers\Checkers.csproj", "{A3DA08BF-C62E-46C1-B2D9-4A2BD9B67DF9}"
EndProject
Project("{2150E333-8FDC-42A3-9474-1A3956D46DE8}") = "Concurrency and Asynchronus", "Concurrency and Asynchronus", "{E04A699F-0EA1-CAE3-2A19-B0355C3FCB8A}"
EndProject
Project("{FAE04EC0-301F-11D3-BF4B-00C04F79EFBC}") = "Thread", "Concurrency and Asynchronus\Thread\Thread.csproj", "{895AF351-9BD4-4C33-AEFF-ED6BA2162302}"
EndProject
Project("{FAE04EC0-301F-11D3-BF4B-00C04F79EFBC}") = "LogicExercise4", "LogicExercise4\LogicExercise4.csproj", "{1CD8C954-C165-48B8-BF0F-D8804F5F8A23}"
EndProject
Project("{2150E333-8FDC-42A3-9474-1A3956D46DE8}") = "UnitTest", "UnitTest", "{7939C9C2-D15F-4474-92E4-BB6C51DCD8E0}"
EndProject
Project("{FAE04EC0-301F-11D3-BF4B-00C04F79EFBC}") = "PrimeService", "UnitTest\PrimeService\PrimeService.csproj", "{8F6660EE-72DA-405E-B5AA-05E77F6A5C32}"
EndProject
Project("{FAE04EC0-301F-11D3-BF4B-00C04F79EFBC}") = "PrimeService.Test", "UnitTest\PrimeService.Test\PrimeService.Test.csproj", "{D0331C95-E089-40B7-820B-CB32AC3856B6}"
EndProject
Project("{FAE04EC0-301F-11D3-BF4B-00C04F79EFBC}") = "Checkers.Test", "Checkers.Test\Checkers.Test.csproj", "{5805CD72-EB40-46DC-8A92-BFF1B82D86DA}"
EndProject
Project("{2150E333-8FDC-42A3-9474-1A3956D46DE8}") = "MockingMoq", "MockingMoq", "{8454F830-8169-4A9B-A313-E650DE7609FF}"
EndProject
Project("{FAE04EC0-301F-11D3-BF4B-00C04F79EFBC}") = "UserRegistratration", "MockingMoq\UserRegistratration\UserRegistratration.csproj", "{61D15444-8829-418C-B68D-ABBA063B66E8}"
EndProject
Project("{FAE04EC0-301F-11D3-BF4B-00C04F79EFBC}") = "UserRegistration.Test", "MockingMoq\UserRegistration.Test\UserRegistration.Test.csproj", "{90327D55-E696-4F50-9743-1ED3166DDF2B}"
EndProject
Project("{FAE04EC0-301F-11D3-BF4B-00C04F79EFBC}") = "SerilogExample", "SerilogExample\SerilogExample.csproj", "{5B702F4C-632A-4F06-A8DC-30DB53257BEC}"
EndProject
Project("{2150E333-8FDC-42A3-9474-1A3956D46DE8}") = "MiniProjectTDD", "MiniProjectTDD", "{7130DEAE-8A65-4F0E-AA79-DE2BA4597E3A}"
EndProject
Project("{FAE04EC0-301F-11D3-BF4B-00C04F79EFBC}") = "OnlineStore.Test", "MiniProjectTDD\OnlineStore.Test\OnlineStore.Test.csproj", "{E75ADE84-8849-4E58-8678-9267F53F61AE}"
EndProject
Project("{FAE04EC0-301F-11D3-BF4B-00C04F79EFBC}") = "OnlineStore", "MiniProjectTDD\OnlineStore\OnlineStore.csproj", "{C6E4C8D3-E312-4D42-B333-86B6E8314D29}"
EndProject
Project("{2150E333-8FDC-42A3-9474-1A3956D46DE8}") = "EntityFramework", "EntityFramework", "{8E9AAB98-89A2-4B28-9CE4-BA9FB104A8FE}"
EndProject
Project("{FAE04EC0-301F-11D3-BF4B-00C04F79EFBC}") = "Store", "EntityFramework\Store\Store.csproj", "{A5A63F33-F4C9-42C0-AD81-888849C292F9}"
EndProject
Project("{2150E333-8FDC-42A3-9474-1A3956D46DE8}") = "WebAPI", "WebAPI", "{EF0A2372-D297-4CD5-AACB-FEF3B6AF277E}"
EndProject
Project("{FAE04EC0-301F-11D3-BF4B-00C04F79EFBC}") = "WebAPIExmple", "WebAPI\WebAPIExmple\WebAPIExmple.csproj", "{4A13735D-74B6-4C88-9465-B2269F0237D4}"
EndProject
Project("{FAE04EC0-301F-11D3-BF4B-00C04F79EFBC}") = "FomoGym", "WebAPI\FomoGym\FomoGym.csproj", "{C5B6BF5C-2A7B-435F-AFCD-3112C06A1810}"
EndProject
Global
	GlobalSection(SolutionConfigurationPlatforms) = preSolution
		Debug|Any CPU = Debug|Any CPU
		Debug|x64 = Debug|x64
		Debug|x86 = Debug|x86
		Release|Any CPU = Release|Any CPU
		Release|x64 = Release|x64
		Release|x86 = Release|x86
	EndGlobalSection
	GlobalSection(ProjectConfigurationPlatforms) = postSolution
		{CA8DEE37-8D69-48DB-A8F4-5AB74F9741ED}.Debug|Any CPU.ActiveCfg = Debug|Any CPU
		{CA8DEE37-8D69-48DB-A8F4-5AB74F9741ED}.Debug|Any CPU.Build.0 = Debug|Any CPU
		{CA8DEE37-8D69-48DB-A8F4-5AB74F9741ED}.Debug|x64.ActiveCfg = Debug|Any CPU
		{CA8DEE37-8D69-48DB-A8F4-5AB74F9741ED}.Debug|x64.Build.0 = Debug|Any CPU
		{CA8DEE37-8D69-48DB-A8F4-5AB74F9741ED}.Debug|x86.ActiveCfg = Debug|Any CPU
		{CA8DEE37-8D69-48DB-A8F4-5AB74F9741ED}.Debug|x86.Build.0 = Debug|Any CPU
		{CA8DEE37-8D69-48DB-A8F4-5AB74F9741ED}.Release|Any CPU.ActiveCfg = Release|Any CPU
		{CA8DEE37-8D69-48DB-A8F4-5AB74F9741ED}.Release|Any CPU.Build.0 = Release|Any CPU
		{CA8DEE37-8D69-48DB-A8F4-5AB74F9741ED}.Release|x64.ActiveCfg = Release|Any CPU
		{CA8DEE37-8D69-48DB-A8F4-5AB74F9741ED}.Release|x64.Build.0 = Release|Any CPU
		{CA8DEE37-8D69-48DB-A8F4-5AB74F9741ED}.Release|x86.ActiveCfg = Release|Any CPU
		{CA8DEE37-8D69-48DB-A8F4-5AB74F9741ED}.Release|x86.Build.0 = Release|Any CPU
		{1B635231-6534-4136-8B02-B70806E7C4E9}.Debug|Any CPU.ActiveCfg = Debug|Any CPU
		{1B635231-6534-4136-8B02-B70806E7C4E9}.Debug|Any CPU.Build.0 = Debug|Any CPU
		{1B635231-6534-4136-8B02-B70806E7C4E9}.Debug|x64.ActiveCfg = Debug|Any CPU
		{1B635231-6534-4136-8B02-B70806E7C4E9}.Debug|x64.Build.0 = Debug|Any CPU
		{1B635231-6534-4136-8B02-B70806E7C4E9}.Debug|x86.ActiveCfg = Debug|Any CPU
		{1B635231-6534-4136-8B02-B70806E7C4E9}.Debug|x86.Build.0 = Debug|Any CPU
		{1B635231-6534-4136-8B02-B70806E7C4E9}.Release|Any CPU.ActiveCfg = Release|Any CPU
		{1B635231-6534-4136-8B02-B70806E7C4E9}.Release|Any CPU.Build.0 = Release|Any CPU
		{1B635231-6534-4136-8B02-B70806E7C4E9}.Release|x64.ActiveCfg = Release|Any CPU
		{1B635231-6534-4136-8B02-B70806E7C4E9}.Release|x64.Build.0 = Release|Any CPU
		{1B635231-6534-4136-8B02-B70806E7C4E9}.Release|x86.ActiveCfg = Release|Any CPU
		{1B635231-6534-4136-8B02-B70806E7C4E9}.Release|x86.Build.0 = Release|Any CPU
		{78B40EDB-F665-4E4C-A22E-1892EC163AA5}.Debug|Any CPU.ActiveCfg = Debug|Any CPU
		{78B40EDB-F665-4E4C-A22E-1892EC163AA5}.Debug|Any CPU.Build.0 = Debug|Any CPU
		{78B40EDB-F665-4E4C-A22E-1892EC163AA5}.Debug|x64.ActiveCfg = Debug|Any CPU
		{78B40EDB-F665-4E4C-A22E-1892EC163AA5}.Debug|x64.Build.0 = Debug|Any CPU
		{78B40EDB-F665-4E4C-A22E-1892EC163AA5}.Debug|x86.ActiveCfg = Debug|Any CPU
		{78B40EDB-F665-4E4C-A22E-1892EC163AA5}.Debug|x86.Build.0 = Debug|Any CPU
		{78B40EDB-F665-4E4C-A22E-1892EC163AA5}.Release|Any CPU.ActiveCfg = Release|Any CPU
		{78B40EDB-F665-4E4C-A22E-1892EC163AA5}.Release|Any CPU.Build.0 = Release|Any CPU
		{78B40EDB-F665-4E4C-A22E-1892EC163AA5}.Release|x64.ActiveCfg = Release|Any CPU
		{78B40EDB-F665-4E4C-A22E-1892EC163AA5}.Release|x64.Build.0 = Release|Any CPU
		{78B40EDB-F665-4E4C-A22E-1892EC163AA5}.Release|x86.ActiveCfg = Release|Any CPU
		{78B40EDB-F665-4E4C-A22E-1892EC163AA5}.Release|x86.Build.0 = Release|Any CPU
		{287A40A8-C67E-4AEB-8D60-61992B5C1904}.Debug|Any CPU.ActiveCfg = Debug|Any CPU
		{287A40A8-C67E-4AEB-8D60-61992B5C1904}.Debug|Any CPU.Build.0 = Debug|Any CPU
		{287A40A8-C67E-4AEB-8D60-61992B5C1904}.Debug|x64.ActiveCfg = Debug|Any CPU
		{287A40A8-C67E-4AEB-8D60-61992B5C1904}.Debug|x64.Build.0 = Debug|Any CPU
		{287A40A8-C67E-4AEB-8D60-61992B5C1904}.Debug|x86.ActiveCfg = Debug|Any CPU
		{287A40A8-C67E-4AEB-8D60-61992B5C1904}.Debug|x86.Build.0 = Debug|Any CPU
		{287A40A8-C67E-4AEB-8D60-61992B5C1904}.Release|Any CPU.ActiveCfg = Release|Any CPU
		{287A40A8-C67E-4AEB-8D60-61992B5C1904}.Release|Any CPU.Build.0 = Release|Any CPU
		{287A40A8-C67E-4AEB-8D60-61992B5C1904}.Release|x64.ActiveCfg = Release|Any CPU
		{287A40A8-C67E-4AEB-8D60-61992B5C1904}.Release|x64.Build.0 = Release|Any CPU
		{287A40A8-C67E-4AEB-8D60-61992B5C1904}.Release|x86.ActiveCfg = Release|Any CPU
		{287A40A8-C67E-4AEB-8D60-61992B5C1904}.Release|x86.Build.0 = Release|Any CPU
		{637024B1-395F-4137-A680-850B80D78A1E}.Debug|Any CPU.ActiveCfg = Debug|Any CPU
		{637024B1-395F-4137-A680-850B80D78A1E}.Debug|Any CPU.Build.0 = Debug|Any CPU
		{637024B1-395F-4137-A680-850B80D78A1E}.Debug|x64.ActiveCfg = Debug|Any CPU
		{637024B1-395F-4137-A680-850B80D78A1E}.Debug|x64.Build.0 = Debug|Any CPU
		{637024B1-395F-4137-A680-850B80D78A1E}.Debug|x86.ActiveCfg = Debug|Any CPU
		{637024B1-395F-4137-A680-850B80D78A1E}.Debug|x86.Build.0 = Debug|Any CPU
		{637024B1-395F-4137-A680-850B80D78A1E}.Release|Any CPU.ActiveCfg = Release|Any CPU
		{637024B1-395F-4137-A680-850B80D78A1E}.Release|Any CPU.Build.0 = Release|Any CPU
		{637024B1-395F-4137-A680-850B80D78A1E}.Release|x64.ActiveCfg = Release|Any CPU
		{637024B1-395F-4137-A680-850B80D78A1E}.Release|x64.Build.0 = Release|Any CPU
		{637024B1-395F-4137-A680-850B80D78A1E}.Release|x86.ActiveCfg = Release|Any CPU
		{637024B1-395F-4137-A680-850B80D78A1E}.Release|x86.Build.0 = Release|Any CPU
		{FA70A239-5557-443A-9B01-A3EA8244C539}.Debug|Any CPU.ActiveCfg = Debug|Any CPU
		{FA70A239-5557-443A-9B01-A3EA8244C539}.Debug|Any CPU.Build.0 = Debug|Any CPU
		{FA70A239-5557-443A-9B01-A3EA8244C539}.Debug|x64.ActiveCfg = Debug|Any CPU
		{FA70A239-5557-443A-9B01-A3EA8244C539}.Debug|x64.Build.0 = Debug|Any CPU
		{FA70A239-5557-443A-9B01-A3EA8244C539}.Debug|x86.ActiveCfg = Debug|Any CPU
		{FA70A239-5557-443A-9B01-A3EA8244C539}.Debug|x86.Build.0 = Debug|Any CPU
		{FA70A239-5557-443A-9B01-A3EA8244C539}.Release|Any CPU.ActiveCfg = Release|Any CPU
		{FA70A239-5557-443A-9B01-A3EA8244C539}.Release|Any CPU.Build.0 = Release|Any CPU
		{FA70A239-5557-443A-9B01-A3EA8244C539}.Release|x64.ActiveCfg = Release|Any CPU
		{FA70A239-5557-443A-9B01-A3EA8244C539}.Release|x64.Build.0 = Release|Any CPU
		{FA70A239-5557-443A-9B01-A3EA8244C539}.Release|x86.ActiveCfg = Release|Any CPU
		{FA70A239-5557-443A-9B01-A3EA8244C539}.Release|x86.Build.0 = Release|Any CPU
		{FEC6DFC1-9C45-4566-9F4F-A192F3E98512}.Debug|Any CPU.ActiveCfg = Debug|Any CPU
		{FEC6DFC1-9C45-4566-9F4F-A192F3E98512}.Debug|Any CPU.Build.0 = Debug|Any CPU
		{FEC6DFC1-9C45-4566-9F4F-A192F3E98512}.Debug|x64.ActiveCfg = Debug|Any CPU
		{FEC6DFC1-9C45-4566-9F4F-A192F3E98512}.Debug|x64.Build.0 = Debug|Any CPU
		{FEC6DFC1-9C45-4566-9F4F-A192F3E98512}.Debug|x86.ActiveCfg = Debug|Any CPU
		{FEC6DFC1-9C45-4566-9F4F-A192F3E98512}.Debug|x86.Build.0 = Debug|Any CPU
		{FEC6DFC1-9C45-4566-9F4F-A192F3E98512}.Release|Any CPU.ActiveCfg = Release|Any CPU
		{FEC6DFC1-9C45-4566-9F4F-A192F3E98512}.Release|Any CPU.Build.0 = Release|Any CPU
		{FEC6DFC1-9C45-4566-9F4F-A192F3E98512}.Release|x64.ActiveCfg = Release|Any CPU
		{FEC6DFC1-9C45-4566-9F4F-A192F3E98512}.Release|x64.Build.0 = Release|Any CPU
		{FEC6DFC1-9C45-4566-9F4F-A192F3E98512}.Release|x86.ActiveCfg = Release|Any CPU
		{FEC6DFC1-9C45-4566-9F4F-A192F3E98512}.Release|x86.Build.0 = Release|Any CPU
		{97A9CAC4-D8E4-4E6F-B0C2-BB5B34BE974D}.Debug|Any CPU.ActiveCfg = Debug|Any CPU
		{97A9CAC4-D8E4-4E6F-B0C2-BB5B34BE974D}.Debug|Any CPU.Build.0 = Debug|Any CPU
		{97A9CAC4-D8E4-4E6F-B0C2-BB5B34BE974D}.Debug|x64.ActiveCfg = Debug|Any CPU
		{97A9CAC4-D8E4-4E6F-B0C2-BB5B34BE974D}.Debug|x64.Build.0 = Debug|Any CPU
		{97A9CAC4-D8E4-4E6F-B0C2-BB5B34BE974D}.Debug|x86.ActiveCfg = Debug|Any CPU
		{97A9CAC4-D8E4-4E6F-B0C2-BB5B34BE974D}.Debug|x86.Build.0 = Debug|Any CPU
		{97A9CAC4-D8E4-4E6F-B0C2-BB5B34BE974D}.Release|Any CPU.ActiveCfg = Release|Any CPU
		{97A9CAC4-D8E4-4E6F-B0C2-BB5B34BE974D}.Release|Any CPU.Build.0 = Release|Any CPU
		{97A9CAC4-D8E4-4E6F-B0C2-BB5B34BE974D}.Release|x64.ActiveCfg = Release|Any CPU
		{97A9CAC4-D8E4-4E6F-B0C2-BB5B34BE974D}.Release|x64.Build.0 = Release|Any CPU
		{97A9CAC4-D8E4-4E6F-B0C2-BB5B34BE974D}.Release|x86.ActiveCfg = Release|Any CPU
		{97A9CAC4-D8E4-4E6F-B0C2-BB5B34BE974D}.Release|x86.Build.0 = Release|Any CPU
		{C9756E13-ADFD-4C14-85EC-8001A79D7007}.Debug|Any CPU.ActiveCfg = Debug|Any CPU
		{C9756E13-ADFD-4C14-85EC-8001A79D7007}.Debug|Any CPU.Build.0 = Debug|Any CPU
		{C9756E13-ADFD-4C14-85EC-8001A79D7007}.Debug|x64.ActiveCfg = Debug|Any CPU
		{C9756E13-ADFD-4C14-85EC-8001A79D7007}.Debug|x64.Build.0 = Debug|Any CPU
		{C9756E13-ADFD-4C14-85EC-8001A79D7007}.Debug|x86.ActiveCfg = Debug|Any CPU
		{C9756E13-ADFD-4C14-85EC-8001A79D7007}.Debug|x86.Build.0 = Debug|Any CPU
		{C9756E13-ADFD-4C14-85EC-8001A79D7007}.Release|Any CPU.ActiveCfg = Release|Any CPU
		{C9756E13-ADFD-4C14-85EC-8001A79D7007}.Release|Any CPU.Build.0 = Release|Any CPU
		{C9756E13-ADFD-4C14-85EC-8001A79D7007}.Release|x64.ActiveCfg = Release|Any CPU
		{C9756E13-ADFD-4C14-85EC-8001A79D7007}.Release|x64.Build.0 = Release|Any CPU
		{C9756E13-ADFD-4C14-85EC-8001A79D7007}.Release|x86.ActiveCfg = Release|Any CPU
		{C9756E13-ADFD-4C14-85EC-8001A79D7007}.Release|x86.Build.0 = Release|Any CPU
		{F30D9949-2601-4CE0-B110-B388F0B55FD1}.Debug|Any CPU.ActiveCfg = Debug|Any CPU
		{F30D9949-2601-4CE0-B110-B388F0B55FD1}.Debug|Any CPU.Build.0 = Debug|Any CPU
		{F30D9949-2601-4CE0-B110-B388F0B55FD1}.Debug|x64.ActiveCfg = Debug|Any CPU
		{F30D9949-2601-4CE0-B110-B388F0B55FD1}.Debug|x64.Build.0 = Debug|Any CPU
		{F30D9949-2601-4CE0-B110-B388F0B55FD1}.Debug|x86.ActiveCfg = Debug|Any CPU
		{F30D9949-2601-4CE0-B110-B388F0B55FD1}.Debug|x86.Build.0 = Debug|Any CPU
		{F30D9949-2601-4CE0-B110-B388F0B55FD1}.Release|Any CPU.ActiveCfg = Release|Any CPU
		{F30D9949-2601-4CE0-B110-B388F0B55FD1}.Release|Any CPU.Build.0 = Release|Any CPU
		{F30D9949-2601-4CE0-B110-B388F0B55FD1}.Release|x64.ActiveCfg = Release|Any CPU
		{F30D9949-2601-4CE0-B110-B388F0B55FD1}.Release|x64.Build.0 = Release|Any CPU
		{F30D9949-2601-4CE0-B110-B388F0B55FD1}.Release|x86.ActiveCfg = Release|Any CPU
		{F30D9949-2601-4CE0-B110-B388F0B55FD1}.Release|x86.Build.0 = Release|Any CPU
		{37A3C8AA-9A6A-4FF7-B424-9972CB165973}.Debug|Any CPU.ActiveCfg = Debug|Any CPU
		{37A3C8AA-9A6A-4FF7-B424-9972CB165973}.Debug|Any CPU.Build.0 = Debug|Any CPU
		{37A3C8AA-9A6A-4FF7-B424-9972CB165973}.Debug|x64.ActiveCfg = Debug|Any CPU
		{37A3C8AA-9A6A-4FF7-B424-9972CB165973}.Debug|x64.Build.0 = Debug|Any CPU
		{37A3C8AA-9A6A-4FF7-B424-9972CB165973}.Debug|x86.ActiveCfg = Debug|Any CPU
		{37A3C8AA-9A6A-4FF7-B424-9972CB165973}.Debug|x86.Build.0 = Debug|Any CPU
		{37A3C8AA-9A6A-4FF7-B424-9972CB165973}.Release|Any CPU.ActiveCfg = Release|Any CPU
		{37A3C8AA-9A6A-4FF7-B424-9972CB165973}.Release|Any CPU.Build.0 = Release|Any CPU
		{37A3C8AA-9A6A-4FF7-B424-9972CB165973}.Release|x64.ActiveCfg = Release|Any CPU
		{37A3C8AA-9A6A-4FF7-B424-9972CB165973}.Release|x64.Build.0 = Release|Any CPU
		{37A3C8AA-9A6A-4FF7-B424-9972CB165973}.Release|x86.ActiveCfg = Release|Any CPU
		{37A3C8AA-9A6A-4FF7-B424-9972CB165973}.Release|x86.Build.0 = Release|Any CPU
		{CDBF8B38-E07B-4301-B587-9AE1240E6041}.Debug|Any CPU.ActiveCfg = Debug|Any CPU
		{CDBF8B38-E07B-4301-B587-9AE1240E6041}.Debug|Any CPU.Build.0 = Debug|Any CPU
		{CDBF8B38-E07B-4301-B587-9AE1240E6041}.Debug|x64.ActiveCfg = Debug|Any CPU
		{CDBF8B38-E07B-4301-B587-9AE1240E6041}.Debug|x64.Build.0 = Debug|Any CPU
		{CDBF8B38-E07B-4301-B587-9AE1240E6041}.Debug|x86.ActiveCfg = Debug|Any CPU
		{CDBF8B38-E07B-4301-B587-9AE1240E6041}.Debug|x86.Build.0 = Debug|Any CPU
		{CDBF8B38-E07B-4301-B587-9AE1240E6041}.Release|Any CPU.ActiveCfg = Release|Any CPU
		{CDBF8B38-E07B-4301-B587-9AE1240E6041}.Release|Any CPU.Build.0 = Release|Any CPU
		{CDBF8B38-E07B-4301-B587-9AE1240E6041}.Release|x64.ActiveCfg = Release|Any CPU
		{CDBF8B38-E07B-4301-B587-9AE1240E6041}.Release|x64.Build.0 = Release|Any CPU
		{CDBF8B38-E07B-4301-B587-9AE1240E6041}.Release|x86.ActiveCfg = Release|Any CPU
		{CDBF8B38-E07B-4301-B587-9AE1240E6041}.Release|x86.Build.0 = Release|Any CPU
		{9BD51537-DBCC-42C0-A8D4-57FFAEADE1F4}.Debug|Any CPU.ActiveCfg = Debug|Any CPU
		{9BD51537-DBCC-42C0-A8D4-57FFAEADE1F4}.Debug|Any CPU.Build.0 = Debug|Any CPU
		{9BD51537-DBCC-42C0-A8D4-57FFAEADE1F4}.Debug|x64.ActiveCfg = Debug|Any CPU
		{9BD51537-DBCC-42C0-A8D4-57FFAEADE1F4}.Debug|x64.Build.0 = Debug|Any CPU
		{9BD51537-DBCC-42C0-A8D4-57FFAEADE1F4}.Debug|x86.ActiveCfg = Debug|Any CPU
		{9BD51537-DBCC-42C0-A8D4-57FFAEADE1F4}.Debug|x86.Build.0 = Debug|Any CPU
		{9BD51537-DBCC-42C0-A8D4-57FFAEADE1F4}.Release|Any CPU.ActiveCfg = Release|Any CPU
		{9BD51537-DBCC-42C0-A8D4-57FFAEADE1F4}.Release|Any CPU.Build.0 = Release|Any CPU
		{9BD51537-DBCC-42C0-A8D4-57FFAEADE1F4}.Release|x64.ActiveCfg = Release|Any CPU
		{9BD51537-DBCC-42C0-A8D4-57FFAEADE1F4}.Release|x64.Build.0 = Release|Any CPU
		{9BD51537-DBCC-42C0-A8D4-57FFAEADE1F4}.Release|x86.ActiveCfg = Release|Any CPU
		{9BD51537-DBCC-42C0-A8D4-57FFAEADE1F4}.Release|x86.Build.0 = Release|Any CPU
		{0E0A909E-AE00-4DAF-80F2-595FC33074D1}.Debug|Any CPU.ActiveCfg = Debug|Any CPU
		{0E0A909E-AE00-4DAF-80F2-595FC33074D1}.Debug|Any CPU.Build.0 = Debug|Any CPU
		{0E0A909E-AE00-4DAF-80F2-595FC33074D1}.Debug|x64.ActiveCfg = Debug|Any CPU
		{0E0A909E-AE00-4DAF-80F2-595FC33074D1}.Debug|x64.Build.0 = Debug|Any CPU
		{0E0A909E-AE00-4DAF-80F2-595FC33074D1}.Debug|x86.ActiveCfg = Debug|Any CPU
		{0E0A909E-AE00-4DAF-80F2-595FC33074D1}.Debug|x86.Build.0 = Debug|Any CPU
		{0E0A909E-AE00-4DAF-80F2-595FC33074D1}.Release|Any CPU.ActiveCfg = Release|Any CPU
		{0E0A909E-AE00-4DAF-80F2-595FC33074D1}.Release|Any CPU.Build.0 = Release|Any CPU
		{0E0A909E-AE00-4DAF-80F2-595FC33074D1}.Release|x64.ActiveCfg = Release|Any CPU
		{0E0A909E-AE00-4DAF-80F2-595FC33074D1}.Release|x64.Build.0 = Release|Any CPU
		{0E0A909E-AE00-4DAF-80F2-595FC33074D1}.Release|x86.ActiveCfg = Release|Any CPU
		{0E0A909E-AE00-4DAF-80F2-595FC33074D1}.Release|x86.Build.0 = Release|Any CPU
		{A3DA08BF-C62E-46C1-B2D9-4A2BD9B67DF9}.Debug|Any CPU.ActiveCfg = Debug|Any CPU
		{A3DA08BF-C62E-46C1-B2D9-4A2BD9B67DF9}.Debug|Any CPU.Build.0 = Debug|Any CPU
		{A3DA08BF-C62E-46C1-B2D9-4A2BD9B67DF9}.Debug|x64.ActiveCfg = Debug|Any CPU
		{A3DA08BF-C62E-46C1-B2D9-4A2BD9B67DF9}.Debug|x64.Build.0 = Debug|Any CPU
		{A3DA08BF-C62E-46C1-B2D9-4A2BD9B67DF9}.Debug|x86.ActiveCfg = Debug|Any CPU
		{A3DA08BF-C62E-46C1-B2D9-4A2BD9B67DF9}.Debug|x86.Build.0 = Debug|Any CPU
		{A3DA08BF-C62E-46C1-B2D9-4A2BD9B67DF9}.Release|Any CPU.ActiveCfg = Release|Any CPU
		{A3DA08BF-C62E-46C1-B2D9-4A2BD9B67DF9}.Release|Any CPU.Build.0 = Release|Any CPU
		{A3DA08BF-C62E-46C1-B2D9-4A2BD9B67DF9}.Release|x64.ActiveCfg = Release|Any CPU
		{A3DA08BF-C62E-46C1-B2D9-4A2BD9B67DF9}.Release|x64.Build.0 = Release|Any CPU
		{A3DA08BF-C62E-46C1-B2D9-4A2BD9B67DF9}.Release|x86.ActiveCfg = Release|Any CPU
		{A3DA08BF-C62E-46C1-B2D9-4A2BD9B67DF9}.Release|x86.Build.0 = Release|Any CPU
		{895AF351-9BD4-4C33-AEFF-ED6BA2162302}.Debug|Any CPU.ActiveCfg = Debug|Any CPU
		{895AF351-9BD4-4C33-AEFF-ED6BA2162302}.Debug|Any CPU.Build.0 = Debug|Any CPU
		{895AF351-9BD4-4C33-AEFF-ED6BA2162302}.Debug|x64.ActiveCfg = Debug|Any CPU
		{895AF351-9BD4-4C33-AEFF-ED6BA2162302}.Debug|x64.Build.0 = Debug|Any CPU
		{895AF351-9BD4-4C33-AEFF-ED6BA2162302}.Debug|x86.ActiveCfg = Debug|Any CPU
		{895AF351-9BD4-4C33-AEFF-ED6BA2162302}.Debug|x86.Build.0 = Debug|Any CPU
		{895AF351-9BD4-4C33-AEFF-ED6BA2162302}.Release|Any CPU.ActiveCfg = Release|Any CPU
		{895AF351-9BD4-4C33-AEFF-ED6BA2162302}.Release|Any CPU.Build.0 = Release|Any CPU
		{895AF351-9BD4-4C33-AEFF-ED6BA2162302}.Release|x64.ActiveCfg = Release|Any CPU
		{895AF351-9BD4-4C33-AEFF-ED6BA2162302}.Release|x64.Build.0 = Release|Any CPU
		{895AF351-9BD4-4C33-AEFF-ED6BA2162302}.Release|x86.ActiveCfg = Release|Any CPU
		{895AF351-9BD4-4C33-AEFF-ED6BA2162302}.Release|x86.Build.0 = Release|Any CPU
		{1CD8C954-C165-48B8-BF0F-D8804F5F8A23}.Debug|Any CPU.ActiveCfg = Debug|Any CPU
		{1CD8C954-C165-48B8-BF0F-D8804F5F8A23}.Debug|Any CPU.Build.0 = Debug|Any CPU
		{1CD8C954-C165-48B8-BF0F-D8804F5F8A23}.Debug|x64.ActiveCfg = Debug|Any CPU
		{1CD8C954-C165-48B8-BF0F-D8804F5F8A23}.Debug|x64.Build.0 = Debug|Any CPU
		{1CD8C954-C165-48B8-BF0F-D8804F5F8A23}.Debug|x86.ActiveCfg = Debug|Any CPU
		{1CD8C954-C165-48B8-BF0F-D8804F5F8A23}.Debug|x86.Build.0 = Debug|Any CPU
		{1CD8C954-C165-48B8-BF0F-D8804F5F8A23}.Release|Any CPU.ActiveCfg = Release|Any CPU
		{1CD8C954-C165-48B8-BF0F-D8804F5F8A23}.Release|Any CPU.Build.0 = Release|Any CPU
		{1CD8C954-C165-48B8-BF0F-D8804F5F8A23}.Release|x64.ActiveCfg = Release|Any CPU
		{1CD8C954-C165-48B8-BF0F-D8804F5F8A23}.Release|x64.Build.0 = Release|Any CPU
		{1CD8C954-C165-48B8-BF0F-D8804F5F8A23}.Release|x86.ActiveCfg = Release|Any CPU
		{1CD8C954-C165-48B8-BF0F-D8804F5F8A23}.Release|x86.Build.0 = Release|Any CPU
		{8F6660EE-72DA-405E-B5AA-05E77F6A5C32}.Debug|Any CPU.ActiveCfg = Debug|Any CPU
		{8F6660EE-72DA-405E-B5AA-05E77F6A5C32}.Debug|Any CPU.Build.0 = Debug|Any CPU
		{8F6660EE-72DA-405E-B5AA-05E77F6A5C32}.Debug|x64.ActiveCfg = Debug|Any CPU
		{8F6660EE-72DA-405E-B5AA-05E77F6A5C32}.Debug|x64.Build.0 = Debug|Any CPU
		{8F6660EE-72DA-405E-B5AA-05E77F6A5C32}.Debug|x86.ActiveCfg = Debug|Any CPU
		{8F6660EE-72DA-405E-B5AA-05E77F6A5C32}.Debug|x86.Build.0 = Debug|Any CPU
		{8F6660EE-72DA-405E-B5AA-05E77F6A5C32}.Release|Any CPU.ActiveCfg = Release|Any CPU
		{8F6660EE-72DA-405E-B5AA-05E77F6A5C32}.Release|Any CPU.Build.0 = Release|Any CPU
		{8F6660EE-72DA-405E-B5AA-05E77F6A5C32}.Release|x64.ActiveCfg = Release|Any CPU
		{8F6660EE-72DA-405E-B5AA-05E77F6A5C32}.Release|x64.Build.0 = Release|Any CPU
		{8F6660EE-72DA-405E-B5AA-05E77F6A5C32}.Release|x86.ActiveCfg = Release|Any CPU
		{8F6660EE-72DA-405E-B5AA-05E77F6A5C32}.Release|x86.Build.0 = Release|Any CPU
		{D0331C95-E089-40B7-820B-CB32AC3856B6}.Debug|Any CPU.ActiveCfg = Debug|Any CPU
		{D0331C95-E089-40B7-820B-CB32AC3856B6}.Debug|Any CPU.Build.0 = Debug|Any CPU
		{D0331C95-E089-40B7-820B-CB32AC3856B6}.Debug|x64.ActiveCfg = Debug|Any CPU
		{D0331C95-E089-40B7-820B-CB32AC3856B6}.Debug|x64.Build.0 = Debug|Any CPU
		{D0331C95-E089-40B7-820B-CB32AC3856B6}.Debug|x86.ActiveCfg = Debug|Any CPU
		{D0331C95-E089-40B7-820B-CB32AC3856B6}.Debug|x86.Build.0 = Debug|Any CPU
		{D0331C95-E089-40B7-820B-CB32AC3856B6}.Release|Any CPU.ActiveCfg = Release|Any CPU
		{D0331C95-E089-40B7-820B-CB32AC3856B6}.Release|Any CPU.Build.0 = Release|Any CPU
		{D0331C95-E089-40B7-820B-CB32AC3856B6}.Release|x64.ActiveCfg = Release|Any CPU
		{D0331C95-E089-40B7-820B-CB32AC3856B6}.Release|x64.Build.0 = Release|Any CPU
		{D0331C95-E089-40B7-820B-CB32AC3856B6}.Release|x86.ActiveCfg = Release|Any CPU
		{D0331C95-E089-40B7-820B-CB32AC3856B6}.Release|x86.Build.0 = Release|Any CPU
		{5805CD72-EB40-46DC-8A92-BFF1B82D86DA}.Debug|Any CPU.ActiveCfg = Debug|Any CPU
		{5805CD72-EB40-46DC-8A92-BFF1B82D86DA}.Debug|Any CPU.Build.0 = Debug|Any CPU
		{5805CD72-EB40-46DC-8A92-BFF1B82D86DA}.Debug|x64.ActiveCfg = Debug|Any CPU
		{5805CD72-EB40-46DC-8A92-BFF1B82D86DA}.Debug|x64.Build.0 = Debug|Any CPU
		{5805CD72-EB40-46DC-8A92-BFF1B82D86DA}.Debug|x86.ActiveCfg = Debug|Any CPU
		{5805CD72-EB40-46DC-8A92-BFF1B82D86DA}.Debug|x86.Build.0 = Debug|Any CPU
		{5805CD72-EB40-46DC-8A92-BFF1B82D86DA}.Release|Any CPU.ActiveCfg = Release|Any CPU
		{5805CD72-EB40-46DC-8A92-BFF1B82D86DA}.Release|Any CPU.Build.0 = Release|Any CPU
		{5805CD72-EB40-46DC-8A92-BFF1B82D86DA}.Release|x64.ActiveCfg = Release|Any CPU
		{5805CD72-EB40-46DC-8A92-BFF1B82D86DA}.Release|x64.Build.0 = Release|Any CPU
		{5805CD72-EB40-46DC-8A92-BFF1B82D86DA}.Release|x86.ActiveCfg = Release|Any CPU
		{5805CD72-EB40-46DC-8A92-BFF1B82D86DA}.Release|x86.Build.0 = Release|Any CPU
		{E38FC4D7-89F2-4BB7-8F4D-26BB2E0D51A9}.Debug|Any CPU.ActiveCfg = Debug|Any CPU
		{E38FC4D7-89F2-4BB7-8F4D-26BB2E0D51A9}.Debug|Any CPU.Build.0 = Debug|Any CPU
		{E38FC4D7-89F2-4BB7-8F4D-26BB2E0D51A9}.Debug|x64.ActiveCfg = Debug|Any CPU
		{E38FC4D7-89F2-4BB7-8F4D-26BB2E0D51A9}.Debug|x64.Build.0 = Debug|Any CPU
		{E38FC4D7-89F2-4BB7-8F4D-26BB2E0D51A9}.Debug|x86.ActiveCfg = Debug|Any CPU
		{E38FC4D7-89F2-4BB7-8F4D-26BB2E0D51A9}.Debug|x86.Build.0 = Debug|Any CPU
		{E38FC4D7-89F2-4BB7-8F4D-26BB2E0D51A9}.Release|Any CPU.ActiveCfg = Release|Any CPU
		{E38FC4D7-89F2-4BB7-8F4D-26BB2E0D51A9}.Release|Any CPU.Build.0 = Release|Any CPU
		{E38FC4D7-89F2-4BB7-8F4D-26BB2E0D51A9}.Release|x64.ActiveCfg = Release|Any CPU
		{E38FC4D7-89F2-4BB7-8F4D-26BB2E0D51A9}.Release|x64.Build.0 = Release|Any CPU
		{E38FC4D7-89F2-4BB7-8F4D-26BB2E0D51A9}.Release|x86.ActiveCfg = Release|Any CPU
		{E38FC4D7-89F2-4BB7-8F4D-26BB2E0D51A9}.Release|x86.Build.0 = Release|Any CPU
		{61D15444-8829-418C-B68D-ABBA063B66E8}.Debug|Any CPU.ActiveCfg = Debug|Any CPU
		{61D15444-8829-418C-B68D-ABBA063B66E8}.Debug|Any CPU.Build.0 = Debug|Any CPU
		{61D15444-8829-418C-B68D-ABBA063B66E8}.Debug|x64.ActiveCfg = Debug|Any CPU
		{61D15444-8829-418C-B68D-ABBA063B66E8}.Debug|x64.Build.0 = Debug|Any CPU
		{61D15444-8829-418C-B68D-ABBA063B66E8}.Debug|x86.ActiveCfg = Debug|Any CPU
		{61D15444-8829-418C-B68D-ABBA063B66E8}.Debug|x86.Build.0 = Debug|Any CPU
		{61D15444-8829-418C-B68D-ABBA063B66E8}.Release|Any CPU.ActiveCfg = Release|Any CPU
		{61D15444-8829-418C-B68D-ABBA063B66E8}.Release|Any CPU.Build.0 = Release|Any CPU
		{61D15444-8829-418C-B68D-ABBA063B66E8}.Release|x64.ActiveCfg = Release|Any CPU
		{61D15444-8829-418C-B68D-ABBA063B66E8}.Release|x64.Build.0 = Release|Any CPU
		{61D15444-8829-418C-B68D-ABBA063B66E8}.Release|x86.ActiveCfg = Release|Any CPU
		{61D15444-8829-418C-B68D-ABBA063B66E8}.Release|x86.Build.0 = Release|Any CPU
		{90327D55-E696-4F50-9743-1ED3166DDF2B}.Debug|Any CPU.ActiveCfg = Debug|Any CPU
		{90327D55-E696-4F50-9743-1ED3166DDF2B}.Debug|Any CPU.Build.0 = Debug|Any CPU
		{90327D55-E696-4F50-9743-1ED3166DDF2B}.Debug|x64.ActiveCfg = Debug|Any CPU
		{90327D55-E696-4F50-9743-1ED3166DDF2B}.Debug|x64.Build.0 = Debug|Any CPU
		{90327D55-E696-4F50-9743-1ED3166DDF2B}.Debug|x86.ActiveCfg = Debug|Any CPU
		{90327D55-E696-4F50-9743-1ED3166DDF2B}.Debug|x86.Build.0 = Debug|Any CPU
		{90327D55-E696-4F50-9743-1ED3166DDF2B}.Release|Any CPU.ActiveCfg = Release|Any CPU
		{90327D55-E696-4F50-9743-1ED3166DDF2B}.Release|Any CPU.Build.0 = Release|Any CPU
		{90327D55-E696-4F50-9743-1ED3166DDF2B}.Release|x64.ActiveCfg = Release|Any CPU
		{90327D55-E696-4F50-9743-1ED3166DDF2B}.Release|x64.Build.0 = Release|Any CPU
		{90327D55-E696-4F50-9743-1ED3166DDF2B}.Release|x86.ActiveCfg = Release|Any CPU
		{90327D55-E696-4F50-9743-1ED3166DDF2B}.Release|x86.Build.0 = Release|Any CPU
		{A2A365F5-3CB1-41F8-82BF-5F43E7355BB8}.Debug|Any CPU.ActiveCfg = Debug|Any CPU
		{A2A365F5-3CB1-41F8-82BF-5F43E7355BB8}.Debug|Any CPU.Build.0 = Debug|Any CPU
		{A2A365F5-3CB1-41F8-82BF-5F43E7355BB8}.Debug|x64.ActiveCfg = Debug|Any CPU
		{A2A365F5-3CB1-41F8-82BF-5F43E7355BB8}.Debug|x64.Build.0 = Debug|Any CPU
		{A2A365F5-3CB1-41F8-82BF-5F43E7355BB8}.Debug|x86.ActiveCfg = Debug|Any CPU
		{A2A365F5-3CB1-41F8-82BF-5F43E7355BB8}.Debug|x86.Build.0 = Debug|Any CPU
		{A2A365F5-3CB1-41F8-82BF-5F43E7355BB8}.Release|Any CPU.ActiveCfg = Release|Any CPU
		{A2A365F5-3CB1-41F8-82BF-5F43E7355BB8}.Release|Any CPU.Build.0 = Release|Any CPU
		{A2A365F5-3CB1-41F8-82BF-5F43E7355BB8}.Release|x64.ActiveCfg = Release|Any CPU
		{A2A365F5-3CB1-41F8-82BF-5F43E7355BB8}.Release|x64.Build.0 = Release|Any CPU
		{A2A365F5-3CB1-41F8-82BF-5F43E7355BB8}.Release|x86.ActiveCfg = Release|Any CPU
		{A2A365F5-3CB1-41F8-82BF-5F43E7355BB8}.Release|x86.Build.0 = Release|Any CPU
		{5B702F4C-632A-4F06-A8DC-30DB53257BEC}.Debug|Any CPU.ActiveCfg = Debug|Any CPU
		{5B702F4C-632A-4F06-A8DC-30DB53257BEC}.Debug|Any CPU.Build.0 = Debug|Any CPU
		{5B702F4C-632A-4F06-A8DC-30DB53257BEC}.Debug|x64.ActiveCfg = Debug|Any CPU
		{5B702F4C-632A-4F06-A8DC-30DB53257BEC}.Debug|x64.Build.0 = Debug|Any CPU
		{5B702F4C-632A-4F06-A8DC-30DB53257BEC}.Debug|x86.ActiveCfg = Debug|Any CPU
		{5B702F4C-632A-4F06-A8DC-30DB53257BEC}.Debug|x86.Build.0 = Debug|Any CPU
		{5B702F4C-632A-4F06-A8DC-30DB53257BEC}.Release|Any CPU.ActiveCfg = Release|Any CPU
		{5B702F4C-632A-4F06-A8DC-30DB53257BEC}.Release|Any CPU.Build.0 = Release|Any CPU
		{5B702F4C-632A-4F06-A8DC-30DB53257BEC}.Release|x64.ActiveCfg = Release|Any CPU
		{5B702F4C-632A-4F06-A8DC-30DB53257BEC}.Release|x64.Build.0 = Release|Any CPU
		{5B702F4C-632A-4F06-A8DC-30DB53257BEC}.Release|x86.ActiveCfg = Release|Any CPU
		{5B702F4C-632A-4F06-A8DC-30DB53257BEC}.Release|x86.Build.0 = Release|Any CPU
		{E75ADE84-8849-4E58-8678-9267F53F61AE}.Debug|Any CPU.ActiveCfg = Debug|Any CPU
		{E75ADE84-8849-4E58-8678-9267F53F61AE}.Debug|Any CPU.Build.0 = Debug|Any CPU
		{E75ADE84-8849-4E58-8678-9267F53F61AE}.Debug|x64.ActiveCfg = Debug|Any CPU
		{E75ADE84-8849-4E58-8678-9267F53F61AE}.Debug|x64.Build.0 = Debug|Any CPU
		{E75ADE84-8849-4E58-8678-9267F53F61AE}.Debug|x86.ActiveCfg = Debug|Any CPU
		{E75ADE84-8849-4E58-8678-9267F53F61AE}.Debug|x86.Build.0 = Debug|Any CPU
		{E75ADE84-8849-4E58-8678-9267F53F61AE}.Release|Any CPU.ActiveCfg = Release|Any CPU
		{E75ADE84-8849-4E58-8678-9267F53F61AE}.Release|Any CPU.Build.0 = Release|Any CPU
		{E75ADE84-8849-4E58-8678-9267F53F61AE}.Release|x64.ActiveCfg = Release|Any CPU
		{E75ADE84-8849-4E58-8678-9267F53F61AE}.Release|x64.Build.0 = Release|Any CPU
		{E75ADE84-8849-4E58-8678-9267F53F61AE}.Release|x86.ActiveCfg = Release|Any CPU
		{E75ADE84-8849-4E58-8678-9267F53F61AE}.Release|x86.Build.0 = Release|Any CPU
		{C6E4C8D3-E312-4D42-B333-86B6E8314D29}.Debug|Any CPU.ActiveCfg = Debug|Any CPU
		{C6E4C8D3-E312-4D42-B333-86B6E8314D29}.Debug|Any CPU.Build.0 = Debug|Any CPU
		{C6E4C8D3-E312-4D42-B333-86B6E8314D29}.Debug|x64.ActiveCfg = Debug|Any CPU
		{C6E4C8D3-E312-4D42-B333-86B6E8314D29}.Debug|x64.Build.0 = Debug|Any CPU
		{C6E4C8D3-E312-4D42-B333-86B6E8314D29}.Debug|x86.ActiveCfg = Debug|Any CPU
		{C6E4C8D3-E312-4D42-B333-86B6E8314D29}.Debug|x86.Build.0 = Debug|Any CPU
		{C6E4C8D3-E312-4D42-B333-86B6E8314D29}.Release|Any CPU.ActiveCfg = Release|Any CPU
		{C6E4C8D3-E312-4D42-B333-86B6E8314D29}.Release|Any CPU.Build.0 = Release|Any CPU
		{C6E4C8D3-E312-4D42-B333-86B6E8314D29}.Release|x64.ActiveCfg = Release|Any CPU
		{C6E4C8D3-E312-4D42-B333-86B6E8314D29}.Release|x64.Build.0 = Release|Any CPU
		{C6E4C8D3-E312-4D42-B333-86B6E8314D29}.Release|x86.ActiveCfg = Release|Any CPU
		{C6E4C8D3-E312-4D42-B333-86B6E8314D29}.Release|x86.Build.0 = Release|Any CPU
		{A5A63F33-F4C9-42C0-AD81-888849C292F9}.Debug|Any CPU.ActiveCfg = Debug|Any CPU
		{A5A63F33-F4C9-42C0-AD81-888849C292F9}.Debug|Any CPU.Build.0 = Debug|Any CPU
		{A5A63F33-F4C9-42C0-AD81-888849C292F9}.Debug|x64.ActiveCfg = Debug|Any CPU
		{A5A63F33-F4C9-42C0-AD81-888849C292F9}.Debug|x64.Build.0 = Debug|Any CPU
		{A5A63F33-F4C9-42C0-AD81-888849C292F9}.Debug|x86.ActiveCfg = Debug|Any CPU
		{A5A63F33-F4C9-42C0-AD81-888849C292F9}.Debug|x86.Build.0 = Debug|Any CPU
		{A5A63F33-F4C9-42C0-AD81-888849C292F9}.Release|Any CPU.ActiveCfg = Release|Any CPU
		{A5A63F33-F4C9-42C0-AD81-888849C292F9}.Release|Any CPU.Build.0 = Release|Any CPU
		{A5A63F33-F4C9-42C0-AD81-888849C292F9}.Release|x64.ActiveCfg = Release|Any CPU
		{A5A63F33-F4C9-42C0-AD81-888849C292F9}.Release|x64.Build.0 = Release|Any CPU
		{A5A63F33-F4C9-42C0-AD81-888849C292F9}.Release|x86.ActiveCfg = Release|Any CPU
		{A5A63F33-F4C9-42C0-AD81-888849C292F9}.Release|x86.Build.0 = Release|Any CPU
		{4A13735D-74B6-4C88-9465-B2269F0237D4}.Debug|Any CPU.ActiveCfg = Debug|Any CPU
		{4A13735D-74B6-4C88-9465-B2269F0237D4}.Debug|Any CPU.Build.0 = Debug|Any CPU
		{4A13735D-74B6-4C88-9465-B2269F0237D4}.Debug|x64.ActiveCfg = Debug|Any CPU
		{4A13735D-74B6-4C88-9465-B2269F0237D4}.Debug|x64.Build.0 = Debug|Any CPU
		{4A13735D-74B6-4C88-9465-B2269F0237D4}.Debug|x86.ActiveCfg = Debug|Any CPU
		{4A13735D-74B6-4C88-9465-B2269F0237D4}.Debug|x86.Build.0 = Debug|Any CPU
		{4A13735D-74B6-4C88-9465-B2269F0237D4}.Release|Any CPU.ActiveCfg = Release|Any CPU
		{4A13735D-74B6-4C88-9465-B2269F0237D4}.Release|Any CPU.Build.0 = Release|Any CPU
		{4A13735D-74B6-4C88-9465-B2269F0237D4}.Release|x64.ActiveCfg = Release|Any CPU
		{4A13735D-74B6-4C88-9465-B2269F0237D4}.Release|x64.Build.0 = Release|Any CPU
		{4A13735D-74B6-4C88-9465-B2269F0237D4}.Release|x86.ActiveCfg = Release|Any CPU
		{4A13735D-74B6-4C88-9465-B2269F0237D4}.Release|x86.Build.0 = Release|Any CPU
		{C5B6BF5C-2A7B-435F-AFCD-3112C06A1810}.Debug|Any CPU.ActiveCfg = Debug|Any CPU
		{C5B6BF5C-2A7B-435F-AFCD-3112C06A1810}.Debug|Any CPU.Build.0 = Debug|Any CPU
		{C5B6BF5C-2A7B-435F-AFCD-3112C06A1810}.Debug|x64.ActiveCfg = Debug|Any CPU
		{C5B6BF5C-2A7B-435F-AFCD-3112C06A1810}.Debug|x64.Build.0 = Debug|Any CPU
		{C5B6BF5C-2A7B-435F-AFCD-3112C06A1810}.Debug|x86.ActiveCfg = Debug|Any CPU
		{C5B6BF5C-2A7B-435F-AFCD-3112C06A1810}.Debug|x86.Build.0 = Debug|Any CPU
		{C5B6BF5C-2A7B-435F-AFCD-3112C06A1810}.Release|Any CPU.ActiveCfg = Release|Any CPU
		{C5B6BF5C-2A7B-435F-AFCD-3112C06A1810}.Release|Any CPU.Build.0 = Release|Any CPU
		{C5B6BF5C-2A7B-435F-AFCD-3112C06A1810}.Release|x64.ActiveCfg = Release|Any CPU
		{C5B6BF5C-2A7B-435F-AFCD-3112C06A1810}.Release|x64.Build.0 = Release|Any CPU
		{C5B6BF5C-2A7B-435F-AFCD-3112C06A1810}.Release|x86.ActiveCfg = Release|Any CPU
		{C5B6BF5C-2A7B-435F-AFCD-3112C06A1810}.Release|x86.Build.0 = Release|Any CPU
	EndGlobalSection
	GlobalSection(SolutionProperties) = preSolution
		HideSolutionNode = FALSE
	EndGlobalSection
	GlobalSection(NestedProjects) = preSolution
		{C9756E13-ADFD-4C14-85EC-8001A79D7007} = {095789BD-A0A9-452A-B84A-DDEE46B14B95}
		{F30D9949-2601-4CE0-B110-B388F0B55FD1} = {095789BD-A0A9-452A-B84A-DDEE46B14B95}
		{37A3C8AA-9A6A-4FF7-B424-9972CB165973} = {095789BD-A0A9-452A-B84A-DDEE46B14B95}
		{9BD51537-DBCC-42C0-A8D4-57FFAEADE1F4} = {C8AAAE2B-5286-4FE0-8268-906BB06A41E9}
		{895AF351-9BD4-4C33-AEFF-ED6BA2162302} = {E04A699F-0EA1-CAE3-2A19-B0355C3FCB8A}
		{8F6660EE-72DA-405E-B5AA-05E77F6A5C32} = {7939C9C2-D15F-4474-92E4-BB6C51DCD8E0}
		{D0331C95-E089-40B7-820B-CB32AC3856B6} = {7939C9C2-D15F-4474-92E4-BB6C51DCD8E0}
		{61D15444-8829-418C-B68D-ABBA063B66E8} = {8454F830-8169-4A9B-A313-E650DE7609FF}
		{90327D55-E696-4F50-9743-1ED3166DDF2B} = {8454F830-8169-4A9B-A313-E650DE7609FF}
		{E75ADE84-8849-4E58-8678-9267F53F61AE} = {7130DEAE-8A65-4F0E-AA79-DE2BA4597E3A}
		{C6E4C8D3-E312-4D42-B333-86B6E8314D29} = {7130DEAE-8A65-4F0E-AA79-DE2BA4597E3A}
		{A5A63F33-F4C9-42C0-AD81-888849C292F9} = {8E9AAB98-89A2-4B28-9CE4-BA9FB104A8FE}
		{4A13735D-74B6-4C88-9465-B2269F0237D4} = {EF0A2372-D297-4CD5-AACB-FEF3B6AF277E}
		{C5B6BF5C-2A7B-435F-AFCD-3112C06A1810} = {EF0A2372-D297-4CD5-AACB-FEF3B6AF277E}
	EndGlobalSection
EndGlobal
